
Microsoft Visual Studio Solution File, Format Version 12.00
# Visual Studio Version 16
VisualStudioVersion = 16.0.30320.27
MinimumVisualStudioVersion = 10.0.40219.1
Project("{9A19103F-16F7-4668-BE54-9A1E7A4F7556}") = "GeneralOperationsAPI", "GeneralOperationsAPI\GeneralOperationsAPI.csproj", "{043F9F7E-9642-4C00-89EB-D85F7569B4F1}"
EndProject
Project("{9A19103F-16F7-4668-BE54-9A1E7A4F7556}") = "CentralLog", "CentralLog\CentralLog.csproj", "{B7DAE399-5808-496C-A4B0-03476E64E285}"
EndProject
Project("{9A19103F-16F7-4668-BE54-9A1E7A4F7556}") = "LoggingDemo", "LoggingDemo\LoggingDemo.csproj", "{4698B0F9-6576-44F2-90E2-F6336992F3AF}"
EndProject
Project("{9A19103F-16F7-4668-BE54-9A1E7A4F7556}") = "GeneralOperationsAPI.Tests", "GeneralOperationsAPI.Tests\GeneralOperationsAPI.Tests.csproj", "{5C2B4BD5-FFAE-48EE-B04B-797CF1418AA2}"
EndProject
Global
	GlobalSection(SolutionConfigurationPlatforms) = preSolution
		Debug|Any CPU = Debug|Any CPU
		Release|Any CPU = Release|Any CPU
	EndGlobalSection
	GlobalSection(ProjectConfigurationPlatforms) = postSolution
		{043F9F7E-9642-4C00-89EB-D85F7569B4F1}.Debug|Any CPU.ActiveCfg = Debug|Any CPU
		{043F9F7E-9642-4C00-89EB-D85F7569B4F1}.Debug|Any CPU.Build.0 = Debug|Any CPU
		{043F9F7E-9642-4C00-89EB-D85F7569B4F1}.Release|Any CPU.ActiveCfg = Release|Any CPU
		{043F9F7E-9642-4C00-89EB-D85F7569B4F1}.Release|Any CPU.Build.0 = Release|Any CPU
		{B7DAE399-5808-496C-A4B0-03476E64E285}.Debug|Any CPU.ActiveCfg = Debug|Any CPU
		{B7DAE399-5808-496C-A4B0-03476E64E285}.Debug|Any CPU.Build.0 = Debug|Any CPU
		{B7DAE399-5808-496C-A4B0-03476E64E285}.Release|Any CPU.ActiveCfg = Release|Any CPU
		{B7DAE399-5808-496C-A4B0-03476E64E285}.Release|Any CPU.Build.0 = Release|Any CPU
		{4698B0F9-6576-44F2-90E2-F6336992F3AF}.Debug|Any CPU.ActiveCfg = Debug|Any CPU
		{4698B0F9-6576-44F2-90E2-F6336992F3AF}.Debug|Any CPU.Build.0 = Debug|Any CPU
		{4698B0F9-6576-44F2-90E2-F6336992F3AF}.Release|Any CPU.ActiveCfg = Release|Any CPU
		{4698B0F9-6576-44F2-90E2-F6336992F3AF}.Release|Any CPU.Build.0 = Release|Any CPU
		{5C2B4BD5-FFAE-48EE-B04B-797CF1418AA2}.Debug|Any CPU.ActiveCfg = Debug|Any CPU
		{5C2B4BD5-FFAE-48EE-B04B-797CF1418AA2}.Debug|Any CPU.Build.0 = Debug|Any CPU
		{5C2B4BD5-FFAE-48EE-B04B-797CF1418AA2}.Release|Any CPU.ActiveCfg = Release|Any CPU
		{5C2B4BD5-FFAE-48EE-B04B-797CF1418AA2}.Release|Any CPU.Build.0 = Release|Any CPU
	EndGlobalSection
	GlobalSection(SolutionProperties) = preSolution
		HideSolutionNode = FALSE
	EndGlobalSection
	GlobalSection(ExtensibilityGlobals) = postSolution
		SolutionGuid = {27BB03E7-0632-4EE3-A405-D6D5720ACE77}
	EndGlobalSection
EndGlobal
